
Microsoft Visual Studio Solution File, Format Version 12.00
# Visual Studio Version 17
VisualStudioVersion = 17.7.34009.444
MinimumVisualStudioVersion = 10.0.40219.1
Project("{FAE04EC0-301F-11D3-BF4B-00C04F79EFBC}") = "Client", "Client\Client.csproj", "{F07E27BC-D749-4FCE-ADC8-C211BF616F92}"
EndProject
Global
	GlobalSection(SolutionConfigurationPlatforms) = preSolution
		Debug|Any CPU = Debug|Any CPU
		Release|Any CPU = Release|Any CPU
	EndGlobalSection
	GlobalSection(ProjectConfigurationPlatforms) = postSolution
		{F07E27BC-D749-4FCE-ADC8-C211BF616F92}.Debug|Any CPU.ActiveCfg = Debug|Any CPU
		{F07E27BC-D749-4FCE-ADC8-C211BF616F92}.Debug|Any CPU.Build.0 = Debug|Any CPU
		{F07E27BC-D749-4FCE-ADC8-C211BF616F92}.Release|Any CPU.ActiveCfg = Release|Any CPU
		{F07E27BC-D749-4FCE-ADC8-C211BF616F92}.Release|Any CPU.Build.0 = Release|Any CPU
	EndGlobalSection
	GlobalSection(SolutionProperties) = preSolution
		HideSolutionNode = FALSE
	EndGlobalSection
	GlobalSection(ExtensibilityGlobals) = postSolution
		SolutionGuid = {F5552392-F54B-428F-9B90-657D34D2D42C}
	EndGlobalSection
EndGlobal
